
Microsoft Visual Studio Solution File, Format Version 12.00
# Visual Studio Version 16
VisualStudioVersion = 16.0.31727.386
MinimumVisualStudioVersion = 10.0.40219.1
Project("{8BC9CEB8-8B4A-11D0-8D11-00A0C91BC942}") = "TetrisFinal", "TetrisFinal\TetrisFinal.vcxproj", "{E4AD34A8-352D-4C18-9CC3-4E75F27B363D}"
EndProject
Global
	GlobalSection(SolutionConfigurationPlatforms) = preSolution
		Debug|x64 = Debug|x64
		Debug|x86 = Debug|x86
		Release|x64 = Release|x64
		Release|x86 = Release|x86
	EndGlobalSection
	GlobalSection(ProjectConfigurationPlatforms) = postSolution
		{E4AD34A8-352D-4C18-9CC3-4E75F27B363D}.Debug|x64.ActiveCfg = Debug|x64
		{E4AD34A8-352D-4C18-9CC3-4E75F27B363D}.Debug|x64.Build.0 = Debug|x64
		{E4AD34A8-352D-4C18-9CC3-4E75F27B363D}.Debug|x86.ActiveCfg = Debug|Win32
		{E4AD34A8-352D-4C18-9CC3-4E75F27B363D}.Debug|x86.Build.0 = Debug|Win32
		{E4AD34A8-352D-4C18-9CC3-4E75F27B363D}.Release|x64.ActiveCfg = Release|x64
		{E4AD34A8-352D-4C18-9CC3-4E75F27B363D}.Release|x64.Build.0 = Release|x64
		{E4AD34A8-352D-4C18-9CC3-4E75F27B363D}.Release|x86.ActiveCfg = Release|Win32
		{E4AD34A8-352D-4C18-9CC3-4E75F27B363D}.Release|x86.Build.0 = Release|Win32
	EndGlobalSection
	GlobalSection(SolutionProperties) = preSolution
		HideSolutionNode = FALSE
	EndGlobalSection
	GlobalSection(ExtensibilityGlobals) = postSolution
		SolutionGuid = {1D856B34-D5E4-466D-A3DE-EE05D2D42D49}
	EndGlobalSection
EndGlobal
